
Microsoft Visual Studio Solution File, Format Version 12.00
# Visual Studio Version 17
VisualStudioVersion = 17.5.33530.505
MinimumVisualStudioVersion = 10.0.40219.1
Project("{FAE04EC0-301F-11D3-BF4B-00C04F79EFBC}") = "TEMA_4_DZ_6_3", "TEMA_4_DZ_6_3\TEMA_4_DZ_6_3.csproj", "{9449076B-6217-4B38-B41E-BF4CE5A8DC82}"
EndProject
Global
	GlobalSection(SolutionConfigurationPlatforms) = preSolution
		Debug|Any CPU = Debug|Any CPU
		Release|Any CPU = Release|Any CPU
	EndGlobalSection
	GlobalSection(ProjectConfigurationPlatforms) = postSolution
		{9449076B-6217-4B38-B41E-BF4CE5A8DC82}.Debug|Any CPU.ActiveCfg = Debug|Any CPU
		{9449076B-6217-4B38-B41E-BF4CE5A8DC82}.Debug|Any CPU.Build.0 = Debug|Any CPU
		{9449076B-6217-4B38-B41E-BF4CE5A8DC82}.Release|Any CPU.ActiveCfg = Release|Any CPU
		{9449076B-6217-4B38-B41E-BF4CE5A8DC82}.Release|Any CPU.Build.0 = Release|Any CPU
	EndGlobalSection
	GlobalSection(SolutionProperties) = preSolution
		HideSolutionNode = FALSE
	EndGlobalSection
	GlobalSection(ExtensibilityGlobals) = postSolution
		SolutionGuid = {0F0FEE92-FD2A-41A1-BCFF-8135CA654688}
	EndGlobalSection
EndGlobal
